
Microsoft Visual Studio Solution File, Format Version 12.00
# Visual Studio Version 16
VisualStudioVersion = 16.0.33130.400
MinimumVisualStudioVersion = 10.0.40219.1
Project("{E24C65DC-7377-472B-9ABA-BC803B73C61A}") = "SmartRestaurantSystem", "http://localhost:50085", "{3F774E62-7CB5-4211-8AD0-2008B4F1B7AB}"
	ProjectSection(WebsiteProperties) = preProject
		UseIISExpress = "true"
		TargetFrameworkMoniker = ".NETFramework,Version%3Dv4.5"
		Debug.AspNetCompiler.VirtualPath = "/localhost_50085"
		Debug.AspNetCompiler.PhysicalPath = "D:\Final Year Project\SmartRestaurantSystem\"
		Debug.AspNetCompiler.TargetPath = "PrecompiledWeb\localhost_50085\"
		Debug.AspNetCompiler.Updateable = "true"
		Debug.AspNetCompiler.ForceOverwrite = "true"
		Debug.AspNetCompiler.FixedNames = "false"
		Debug.AspNetCompiler.Debug = "True"
		Release.AspNetCompiler.VirtualPath = "/localhost_50085"
		Release.AspNetCompiler.PhysicalPath = "D:\Final Year Project\SmartRestaurantSystem\"
		Release.AspNetCompiler.TargetPath = "PrecompiledWeb\localhost_50085\"
		Release.AspNetCompiler.Updateable = "true"
		Release.AspNetCompiler.ForceOverwrite = "true"
		Release.AspNetCompiler.FixedNames = "false"
		Release.AspNetCompiler.Debug = "False"
		SlnRelativePath = "D:\Final Year Project\SmartRestaurantSystem\"
	EndProjectSection
EndProject
Global
	GlobalSection(SolutionConfigurationPlatforms) = preSolution
		Debug|Any CPU = Debug|Any CPU
	EndGlobalSection
	GlobalSection(ProjectConfigurationPlatforms) = postSolution
		{3F774E62-7CB5-4211-8AD0-2008B4F1B7AB}.Debug|Any CPU.ActiveCfg = Debug|Any CPU
		{3F774E62-7CB5-4211-8AD0-2008B4F1B7AB}.Debug|Any CPU.Build.0 = Debug|Any CPU
	EndGlobalSection
	GlobalSection(SolutionProperties) = preSolution
		HideSolutionNode = FALSE
	EndGlobalSection
	GlobalSection(ExtensibilityGlobals) = postSolution
		SolutionGuid = {B90AEBFE-93F4-419C-87D1-AA668207AA7C}
	EndGlobalSection
EndGlobal
